
Microsoft Visual Studio Solution File, Format Version 12.00
# Visual Studio Version 17
VisualStudioVersion = 17.6.33723.286
MinimumVisualStudioVersion = 10.0.40219.1
Project("{FAE04EC0-301F-11D3-BF4B-00C04F79EFBC}") = "ExcelReading", "ExcelReading\ExcelReading.csproj", "{9DE4FD88-94C5-4892-BC31-8CA2B737322C}"
EndProject
Global
	GlobalSection(SolutionConfigurationPlatforms) = preSolution
		Debug|Any CPU = Debug|Any CPU
		Release|Any CPU = Release|Any CPU
	EndGlobalSection
	GlobalSection(ProjectConfigurationPlatforms) = postSolution
		{9DE4FD88-94C5-4892-BC31-8CA2B737322C}.Debug|Any CPU.ActiveCfg = Debug|Any CPU
		{9DE4FD88-94C5-4892-BC31-8CA2B737322C}.Debug|Any CPU.Build.0 = Debug|Any CPU
		{9DE4FD88-94C5-4892-BC31-8CA2B737322C}.Release|Any CPU.ActiveCfg = Release|Any CPU
		{9DE4FD88-94C5-4892-BC31-8CA2B737322C}.Release|Any CPU.Build.0 = Release|Any CPU
	EndGlobalSection
	GlobalSection(SolutionProperties) = preSolution
		HideSolutionNode = FALSE
	EndGlobalSection
	GlobalSection(ExtensibilityGlobals) = postSolution
		SolutionGuid = {715ABBD9-169A-4012-933C-323FE5E1B4A0}
	EndGlobalSection
EndGlobal
